{
  "version": "3",
  "packages": {
    "specifiers": {
      "jsr:@std/assert": "jsr:@std/assert@0.226.0",
      "jsr:@std/assert@^0.226.0": "jsr:@std/assert@0.226.0",
      "jsr:@std/cli": "jsr:@std/cli@0.224.7",
      "jsr:@std/internal@^1.0.0": "jsr:@std/internal@1.0.0",
      "jsr:@std/path": "jsr:@std/path@0.225.2",
      "jsr:@std/semver": "jsr:@std/semver@0.224.3",
      "jsr:@utility/git": "jsr:@utility/git@0.4.1"
    },
    "jsr": {
      "@std/assert@0.226.0": {
        "integrity": "0dfb5f7c7723c18cec118e080fec76ce15b4c31154b15ad2bd74822603ef75b3",
        "dependencies": [
          "jsr:@std/internal@^1.0.0"
        ]
      },
      "@std/cli@0.224.7": {
        "integrity": "654ca6477518e5e3a0d3fabafb2789e92b8c0febf1a1d24ba4b567aba94b5977"
      },
      "@std/internal@1.0.0": {
        "integrity": "ac6a6dfebf838582c4b4f61a6907374e27e05bedb6ce276e0f1608fe84e7cd9a"
      },
      "@std/path@0.225.2": {
        "integrity": "0f2db41d36b50ef048dcb0399aac720a5348638dd3cb5bf80685bf2a745aa506",
        "dependencies": [
          "jsr:@std/assert@^0.226.0"
        ]
      },
      "@std/semver@0.224.3": {
        "integrity": "7bb34b5ad46de2c0c73de0ca3e30081ef64b4361f66abd57c84ff1011c6a1233"
      },
      "@utility/git@0.4.1": {
        "integrity": "2b30af32a85096b85bcffa3b9d8ee96812231bddb8a2f2f29750b4f1ac1cb04b"
      }
    }
  },
  "remote": {}
}
